{
  "object": {
    "pins": [
      {
        "package": "Prelude",
        "repositoryURL": "https://github.com/robrix/Prelude.git",
        "state": {
          "branch": null,
          "revision": "a048b7af84fc25a1fd0af62e1dfe34c685cd446f",
          "version": "3.0.1"
        }
      }
    ]
  },
  "version": 1
}
